
Microsoft Visual Studio Solution File, Format Version 12.00
# Visual Studio Version 16
VisualStudioVersion = 16.0.28721.148
MinimumVisualStudioVersion = 10.0.40219.1
Project("{2150E333-8FDC-42A3-9474-1A3956D46DE8}") = "Libraries", "Libraries", "{DCD3C566-B44C-4D32-ABD6-3C1258F15B56}"
EndProject
Project("{2150E333-8FDC-42A3-9474-1A3956D46DE8}") = "Applications", "Applications", "{06026E13-1390-448B-B67B-28C69FC6A581}"
EndProject
Project("{2150E333-8FDC-42A3-9474-1A3956D46DE8}") = "Tests", "Tests", "{AFCA7DA3-4BBF-4A5A-B710-6157E4FA3889}"
EndProject
Project("{9A19103F-16F7-4668-BE54-9A1E7A4F7556}") = "Cube.FileSystem.SevenZip", "Libraries\Cube.FileSystem.SevenZip.csproj", "{74C9F388-360E-4C46-A9A6-E131EAB2E49C}"
EndProject
Project("{9A19103F-16F7-4668-BE54-9A1E7A4F7556}") = "Cube.FileSystem.SevenZip.Ice", "Applications\Ice\Core\Cube.FileSystem.SevenZip.Ice.csproj", "{1BADAB3F-38B5-4ACF-ADDF-036918BFC51C}"
EndProject
Project("{9A19103F-16F7-4668-BE54-9A1E7A4F7556}") = "Cube.FileSystem.SevenZip.Ice.Main", "Applications\Ice\Main\Cube.FileSystem.SevenZip.Ice.Main.csproj", "{E14092D2-266A-4CC7-B1CE-2ADD0CB8E65B}"
EndProject
Project("{9A19103F-16F7-4668-BE54-9A1E7A4F7556}") = "Cube.FileSystem.SevenZip.Ice.Associator", "Applications\Ice\Associator\Cube.FileSystem.SevenZip.Ice.Associator.csproj", "{DC0D85B9-13D1-49BB-B462-AD66287D3181}"
EndProject
Project("{9A19103F-16F7-4668-BE54-9A1E7A4F7556}") = "Cube.FileSystem.SevenZip.Ice.Configurator", "Applications\Ice\Configurator\Cube.FileSystem.SevenZip.Ice.Configurator.csproj", "{42B72A9A-C752-4D99-97D0-D341F1BD2A45}"
EndProject
Project("{9A19103F-16F7-4668-BE54-9A1E7A4F7556}") = "Cube.FileSystem.SevenZip.Tests", "Tests\Core\Cube.FileSystem.SevenZip.Tests.csproj", "{BDBA9B88-28D5-4369-B6AF-ADA67D95AC98}"
EndProject
Project("{9A19103F-16F7-4668-BE54-9A1E7A4F7556}") = "Cube.FileSystem.SevenZip.Ice.Tests", "Tests\Ice\Cube.FileSystem.SevenZip.Ice.Tests.csproj", "{7CBF700C-6F9D-49B5-A905-E5C37302DA93}"
EndProject
Global
	GlobalSection(SolutionConfigurationPlatforms) = preSolution
		Debug|Any CPU = Debug|Any CPU
		Debug|x64 = Debug|x64
		Debug|x86 = Debug|x86
		Release|Any CPU = Release|Any CPU
		Release|x64 = Release|x64
		Release|x86 = Release|x86
	EndGlobalSection
	GlobalSection(ProjectConfigurationPlatforms) = postSolution
		{74C9F388-360E-4C46-A9A6-E131EAB2E49C}.Debug|Any CPU.ActiveCfg = Debug|Any CPU
		{74C9F388-360E-4C46-A9A6-E131EAB2E49C}.Debug|Any CPU.Build.0 = Debug|Any CPU
		{74C9F388-360E-4C46-A9A6-E131EAB2E49C}.Debug|x64.ActiveCfg = Debug|Any CPU
		{74C9F388-360E-4C46-A9A6-E131EAB2E49C}.Debug|x64.Build.0 = Debug|Any CPU
		{74C9F388-360E-4C46-A9A6-E131EAB2E49C}.Debug|x86.ActiveCfg = Debug|Any CPU
		{74C9F388-360E-4C46-A9A6-E131EAB2E49C}.Debug|x86.Build.0 = Debug|Any CPU
		{74C9F388-360E-4C46-A9A6-E131EAB2E49C}.Release|Any CPU.ActiveCfg = Release|Any CPU
		{74C9F388-360E-4C46-A9A6-E131EAB2E49C}.Release|Any CPU.Build.0 = Release|Any CPU
		{74C9F388-360E-4C46-A9A6-E131EAB2E49C}.Release|x64.ActiveCfg = Release|Any CPU
		{74C9F388-360E-4C46-A9A6-E131EAB2E49C}.Release|x64.Build.0 = Release|Any CPU
		{74C9F388-360E-4C46-A9A6-E131EAB2E49C}.Release|x86.ActiveCfg = Release|Any CPU
		{74C9F388-360E-4C46-A9A6-E131EAB2E49C}.Release|x86.Build.0 = Release|Any CPU
		{1BADAB3F-38B5-4ACF-ADDF-036918BFC51C}.Debug|Any CPU.ActiveCfg = Debug|Any CPU
		{1BADAB3F-38B5-4ACF-ADDF-036918BFC51C}.Debug|Any CPU.Build.0 = Debug|Any CPU
		{1BADAB3F-38B5-4ACF-ADDF-036918BFC51C}.Debug|x64.ActiveCfg = Debug|Any CPU
		{1BADAB3F-38B5-4ACF-ADDF-036918BFC51C}.Debug|x64.Build.0 = Debug|Any CPU
		{1BADAB3F-38B5-4ACF-ADDF-036918BFC51C}.Debug|x86.ActiveCfg = Debug|Any CPU
		{1BADAB3F-38B5-4ACF-ADDF-036918BFC51C}.Debug|x86.Build.0 = Debug|Any CPU
		{1BADAB3F-38B5-4ACF-ADDF-036918BFC51C}.Release|Any CPU.ActiveCfg = Release|Any CPU
		{1BADAB3F-38B5-4ACF-ADDF-036918BFC51C}.Release|Any CPU.Build.0 = Release|Any CPU
		{1BADAB3F-38B5-4ACF-ADDF-036918BFC51C}.Release|x64.ActiveCfg = Release|Any CPU
		{1BADAB3F-38B5-4ACF-ADDF-036918BFC51C}.Release|x64.Build.0 = Release|Any CPU
		{1BADAB3F-38B5-4ACF-ADDF-036918BFC51C}.Release|x86.ActiveCfg = Release|Any CPU
		{1BADAB3F-38B5-4ACF-ADDF-036918BFC51C}.Release|x86.Build.0 = Release|Any CPU
		{E14092D2-266A-4CC7-B1CE-2ADD0CB8E65B}.Debug|Any CPU.ActiveCfg = Debug|Any CPU
		{E14092D2-266A-4CC7-B1CE-2ADD0CB8E65B}.Debug|Any CPU.Build.0 = Debug|Any CPU
		{E14092D2-266A-4CC7-B1CE-2ADD0CB8E65B}.Debug|x64.ActiveCfg = Debug|x64
		{E14092D2-266A-4CC7-B1CE-2ADD0CB8E65B}.Debug|x64.Build.0 = Debug|x64
		{E14092D2-266A-4CC7-B1CE-2ADD0CB8E65B}.Debug|x86.ActiveCfg = Debug|x86
		{E14092D2-266A-4CC7-B1CE-2ADD0CB8E65B}.Debug|x86.Build.0 = Debug|x86
		{E14092D2-266A-4CC7-B1CE-2ADD0CB8E65B}.Release|Any CPU.ActiveCfg = Release|Any CPU
		{E14092D2-266A-4CC7-B1CE-2ADD0CB8E65B}.Release|Any CPU.Build.0 = Release|Any CPU
		{E14092D2-266A-4CC7-B1CE-2ADD0CB8E65B}.Release|x64.ActiveCfg = Release|x64
		{E14092D2-266A-4CC7-B1CE-2ADD0CB8E65B}.Release|x64.Build.0 = Release|x64
		{E14092D2-266A-4CC7-B1CE-2ADD0CB8E65B}.Release|x86.ActiveCfg = Release|x86
		{E14092D2-266A-4CC7-B1CE-2ADD0CB8E65B}.Release|x86.Build.0 = Release|x86
		{DC0D85B9-13D1-49BB-B462-AD66287D3181}.Debug|Any CPU.ActiveCfg = Debug|Any CPU
		{DC0D85B9-13D1-49BB-B462-AD66287D3181}.Debug|Any CPU.Build.0 = Debug|Any CPU
		{DC0D85B9-13D1-49BB-B462-AD66287D3181}.Debug|x64.ActiveCfg = Debug|x64
		{DC0D85B9-13D1-49BB-B462-AD66287D3181}.Debug|x64.Build.0 = Debug|x64
		{DC0D85B9-13D1-49BB-B462-AD66287D3181}.Debug|x86.ActiveCfg = Debug|x86
		{DC0D85B9-13D1-49BB-B462-AD66287D3181}.Debug|x86.Build.0 = Debug|x86
		{DC0D85B9-13D1-49BB-B462-AD66287D3181}.Release|Any CPU.ActiveCfg = Release|Any CPU
		{DC0D85B9-13D1-49BB-B462-AD66287D3181}.Release|Any CPU.Build.0 = Release|Any CPU
		{DC0D85B9-13D1-49BB-B462-AD66287D3181}.Release|x64.ActiveCfg = Release|x64
		{DC0D85B9-13D1-49BB-B462-AD66287D3181}.Release|x64.Build.0 = Release|x64
		{DC0D85B9-13D1-49BB-B462-AD66287D3181}.Release|x86.ActiveCfg = Release|x86
		{DC0D85B9-13D1-49BB-B462-AD66287D3181}.Release|x86.Build.0 = Release|x86
		{42B72A9A-C752-4D99-97D0-D341F1BD2A45}.Debug|Any CPU.ActiveCfg = Debug|Any CPU
		{42B72A9A-C752-4D99-97D0-D341F1BD2A45}.Debug|Any CPU.Build.0 = Debug|Any CPU
		{42B72A9A-C752-4D99-97D0-D341F1BD2A45}.Debug|x64.ActiveCfg = Debug|x64
		{42B72A9A-C752-4D99-97D0-D341F1BD2A45}.Debug|x64.Build.0 = Debug|x64
		{42B72A9A-C752-4D99-97D0-D341F1BD2A45}.Debug|x86.ActiveCfg = Debug|x86
		{42B72A9A-C752-4D99-97D0-D341F1BD2A45}.Debug|x86.Build.0 = Debug|x86
		{42B72A9A-C752-4D99-97D0-D341F1BD2A45}.Release|Any CPU.ActiveCfg = Release|Any CPU
		{42B72A9A-C752-4D99-97D0-D341F1BD2A45}.Release|Any CPU.Build.0 = Release|Any CPU
		{42B72A9A-C752-4D99-97D0-D341F1BD2A45}.Release|x64.ActiveCfg = Release|x64
		{42B72A9A-C752-4D99-97D0-D341F1BD2A45}.Release|x64.Build.0 = Release|x64
		{42B72A9A-C752-4D99-97D0-D341F1BD2A45}.Release|x86.ActiveCfg = Release|x86
		{42B72A9A-C752-4D99-97D0-D341F1BD2A45}.Release|x86.Build.0 = Release|x86
		{BDBA9B88-28D5-4369-B6AF-ADA67D95AC98}.Debug|Any CPU.ActiveCfg = Debug|Any CPU
		{BDBA9B88-28D5-4369-B6AF-ADA67D95AC98}.Debug|Any CPU.Build.0 = Debug|Any CPU
		{BDBA9B88-28D5-4369-B6AF-ADA67D95AC98}.Debug|x64.ActiveCfg = Debug|Any CPU
		{BDBA9B88-28D5-4369-B6AF-ADA67D95AC98}.Debug|x64.Build.0 = Debug|Any CPU
		{BDBA9B88-28D5-4369-B6AF-ADA67D95AC98}.Debug|x86.ActiveCfg = Debug|Any CPU
		{BDBA9B88-28D5-4369-B6AF-ADA67D95AC98}.Debug|x86.Build.0 = Debug|Any CPU
		{BDBA9B88-28D5-4369-B6AF-ADA67D95AC98}.Release|Any CPU.ActiveCfg = Release|Any CPU
		{BDBA9B88-28D5-4369-B6AF-ADA67D95AC98}.Release|Any CPU.Build.0 = Release|Any CPU
		{BDBA9B88-28D5-4369-B6AF-ADA67D95AC98}.Release|x64.ActiveCfg = Release|Any CPU
		{BDBA9B88-28D5-4369-B6AF-ADA67D95AC98}.Release|x64.Build.0 = Release|Any CPU
		{BDBA9B88-28D5-4369-B6AF-ADA67D95AC98}.Release|x86.ActiveCfg = Release|Any CPU
		{BDBA9B88-28D5-4369-B6AF-ADA67D95AC98}.Release|x86.Build.0 = Release|Any CPU
		{7CBF700C-6F9D-49B5-A905-E5C37302DA93}.Debug|Any CPU.ActiveCfg = Debug|Any CPU
		{7CBF700C-6F9D-49B5-A905-E5C37302DA93}.Debug|Any CPU.Build.0 = Debug|Any CPU
		{7CBF700C-6F9D-49B5-A905-E5C37302DA93}.Debug|x64.ActiveCfg = Debug|Any CPU
		{7CBF700C-6F9D-49B5-A905-E5C37302DA93}.Debug|x64.Build.0 = Debug|Any CPU
		{7CBF700C-6F9D-49B5-A905-E5C37302DA93}.Debug|x86.ActiveCfg = Debug|Any CPU
		{7CBF700C-6F9D-49B5-A905-E5C37302DA93}.Debug|x86.Build.0 = Debug|Any CPU
		{7CBF700C-6F9D-49B5-A905-E5C37302DA93}.Release|Any CPU.ActiveCfg = Release|Any CPU
		{7CBF700C-6F9D-49B5-A905-E5C37302DA93}.Release|Any CPU.Build.0 = Release|Any CPU
		{7CBF700C-6F9D-49B5-A905-E5C37302DA93}.Release|x64.ActiveCfg = Release|Any CPU
		{7CBF700C-6F9D-49B5-A905-E5C37302DA93}.Release|x64.Build.0 = Release|Any CPU
		{7CBF700C-6F9D-49B5-A905-E5C37302DA93}.Release|x86.ActiveCfg = Release|Any CPU
		{7CBF700C-6F9D-49B5-A905-E5C37302DA93}.Release|x86.Build.0 = Release|Any CPU
	EndGlobalSection
	GlobalSection(SolutionProperties) = preSolution
		HideSolutionNode = FALSE
	EndGlobalSection
	GlobalSection(NestedProjects) = preSolution
		{74C9F388-360E-4C46-A9A6-E131EAB2E49C} = {DCD3C566-B44C-4D32-ABD6-3C1258F15B56}
		{1BADAB3F-38B5-4ACF-ADDF-036918BFC51C} = {DCD3C566-B44C-4D32-ABD6-3C1258F15B56}
		{E14092D2-266A-4CC7-B1CE-2ADD0CB8E65B} = {06026E13-1390-448B-B67B-28C69FC6A581}
		{DC0D85B9-13D1-49BB-B462-AD66287D3181} = {06026E13-1390-448B-B67B-28C69FC6A581}
		{42B72A9A-C752-4D99-97D0-D341F1BD2A45} = {06026E13-1390-448B-B67B-28C69FC6A581}
		{BDBA9B88-28D5-4369-B6AF-ADA67D95AC98} = {AFCA7DA3-4BBF-4A5A-B710-6157E4FA3889}
		{7CBF700C-6F9D-49B5-A905-E5C37302DA93} = {AFCA7DA3-4BBF-4A5A-B710-6157E4FA3889}
	EndGlobalSection
	GlobalSection(ExtensibilityGlobals) = postSolution
		SolutionGuid = {CE254301-C954-45E2-9B06-319E72A1376B}
	EndGlobalSection
EndGlobal
