
Microsoft Visual Studio Solution File, Format Version 12.00
# Visual Studio 15
VisualStudioVersion = 15.0.26430.12
MinimumVisualStudioVersion = 10.0.40219.1
Project("{FAE04EC0-301F-11D3-BF4B-00C04F79EFBC}") = "Cube.FileSystem", "Libraries\Cube.FileSystem.csproj", "{E89AAD2C-5A74-49F6-AD84-65F0016EF1BB}"
EndProject
Project("{FAE04EC0-301F-11D3-BF4B-00C04F79EFBC}") = "Cube.FileSystem.SevenZip", "Libraries\SevenZip\Cube.FileSystem.SevenZip.csproj", "{74C9F388-360E-4C46-A9A6-E131EAB2E49C}"
EndProject
Project("{FAE04EC0-301F-11D3-BF4B-00C04F79EFBC}") = "Cube.FileSystem.Tests", "Tests\Cube.FileSystem.Tests.csproj", "{BDBA9B88-28D5-4369-B6AF-ADA67D95AC98}"
EndProject
Project("{FAE04EC0-301F-11D3-BF4B-00C04F79EFBC}") = "Cube.FileSystem.Ice", "Applications\Ice.Shared\Cube.FileSystem.Ice.csproj", "{1BADAB3F-38B5-4ACF-ADDF-036918BFC51C}"
EndProject
Project("{FAE04EC0-301F-11D3-BF4B-00C04F79EFBC}") = "Cube.FileSystem.App.Ice", "Applications\Ice\Cube.FileSystem.App.Ice.csproj", "{E14092D2-266A-4CC7-B1CE-2ADD0CB8E65B}"
EndProject
Project("{FAE04EC0-301F-11D3-BF4B-00C04F79EFBC}") = "Cube.FileSystem.App.Ice.Associate", "Applications\Ice.Associate\Cube.FileSystem.App.Ice.Associate.csproj", "{DC0D85B9-13D1-49BB-B462-AD66287D3181}"
EndProject
Project("{FAE04EC0-301F-11D3-BF4B-00C04F79EFBC}") = "Cube.FileSystem.App.Ice.Settings", "Applications\Ice.Settings\Cube.FileSystem.App.Ice.Settings.csproj", "{42B72A9A-C752-4D99-97D0-D341F1BD2A45}"
EndProject
Project("{FAE04EC0-301F-11D3-BF4B-00C04F79EFBC}") = "Cube.FileSystem.App.Ice.Tests", "Applications\Ice.Tests\Cube.FileSystem.App.Ice.Tests.csproj", "{7CBF700C-6F9D-49B5-A905-E5C37302DA93}"
EndProject
Global
	GlobalSection(SolutionConfigurationPlatforms) = preSolution
		Debug|Any CPU = Debug|Any CPU
		Debug|x64 = Debug|x64
		Debug|x86 = Debug|x86
		Release|Any CPU = Release|Any CPU
		Release|x64 = Release|x64
		Release|x86 = Release|x86
	EndGlobalSection
	GlobalSection(ProjectConfigurationPlatforms) = postSolution
		{E89AAD2C-5A74-49F6-AD84-65F0016EF1BB}.Debug|Any CPU.ActiveCfg = Debug|Any CPU
		{E89AAD2C-5A74-49F6-AD84-65F0016EF1BB}.Debug|Any CPU.Build.0 = Debug|Any CPU
		{E89AAD2C-5A74-49F6-AD84-65F0016EF1BB}.Debug|x64.ActiveCfg = Debug|x64
		{E89AAD2C-5A74-49F6-AD84-65F0016EF1BB}.Debug|x64.Build.0 = Debug|x64
		{E89AAD2C-5A74-49F6-AD84-65F0016EF1BB}.Debug|x86.ActiveCfg = Debug|x86
		{E89AAD2C-5A74-49F6-AD84-65F0016EF1BB}.Debug|x86.Build.0 = Debug|x86
		{E89AAD2C-5A74-49F6-AD84-65F0016EF1BB}.Release|Any CPU.ActiveCfg = Release|Any CPU
		{E89AAD2C-5A74-49F6-AD84-65F0016EF1BB}.Release|Any CPU.Build.0 = Release|Any CPU
		{E89AAD2C-5A74-49F6-AD84-65F0016EF1BB}.Release|x64.ActiveCfg = Release|x64
		{E89AAD2C-5A74-49F6-AD84-65F0016EF1BB}.Release|x64.Build.0 = Release|x64
		{E89AAD2C-5A74-49F6-AD84-65F0016EF1BB}.Release|x86.ActiveCfg = Release|x86
		{E89AAD2C-5A74-49F6-AD84-65F0016EF1BB}.Release|x86.Build.0 = Release|x86
		{74C9F388-360E-4C46-A9A6-E131EAB2E49C}.Debug|Any CPU.ActiveCfg = Debug|Any CPU
		{74C9F388-360E-4C46-A9A6-E131EAB2E49C}.Debug|Any CPU.Build.0 = Debug|Any CPU
		{74C9F388-360E-4C46-A9A6-E131EAB2E49C}.Debug|x64.ActiveCfg = Debug|x64
		{74C9F388-360E-4C46-A9A6-E131EAB2E49C}.Debug|x64.Build.0 = Debug|x64
		{74C9F388-360E-4C46-A9A6-E131EAB2E49C}.Debug|x86.ActiveCfg = Debug|x86
		{74C9F388-360E-4C46-A9A6-E131EAB2E49C}.Debug|x86.Build.0 = Debug|x86
		{74C9F388-360E-4C46-A9A6-E131EAB2E49C}.Release|Any CPU.ActiveCfg = Release|Any CPU
		{74C9F388-360E-4C46-A9A6-E131EAB2E49C}.Release|Any CPU.Build.0 = Release|Any CPU
		{74C9F388-360E-4C46-A9A6-E131EAB2E49C}.Release|x64.ActiveCfg = Release|x64
		{74C9F388-360E-4C46-A9A6-E131EAB2E49C}.Release|x64.Build.0 = Release|x64
		{74C9F388-360E-4C46-A9A6-E131EAB2E49C}.Release|x86.ActiveCfg = Release|x86
		{74C9F388-360E-4C46-A9A6-E131EAB2E49C}.Release|x86.Build.0 = Release|x86
		{BDBA9B88-28D5-4369-B6AF-ADA67D95AC98}.Debug|Any CPU.ActiveCfg = Debug|Any CPU
		{BDBA9B88-28D5-4369-B6AF-ADA67D95AC98}.Debug|Any CPU.Build.0 = Debug|Any CPU
		{BDBA9B88-28D5-4369-B6AF-ADA67D95AC98}.Debug|x64.ActiveCfg = Debug|x64
		{BDBA9B88-28D5-4369-B6AF-ADA67D95AC98}.Debug|x64.Build.0 = Debug|x64
		{BDBA9B88-28D5-4369-B6AF-ADA67D95AC98}.Debug|x86.ActiveCfg = Debug|x86
		{BDBA9B88-28D5-4369-B6AF-ADA67D95AC98}.Debug|x86.Build.0 = Debug|x86
		{BDBA9B88-28D5-4369-B6AF-ADA67D95AC98}.Release|Any CPU.ActiveCfg = Release|Any CPU
		{BDBA9B88-28D5-4369-B6AF-ADA67D95AC98}.Release|Any CPU.Build.0 = Release|Any CPU
		{BDBA9B88-28D5-4369-B6AF-ADA67D95AC98}.Release|x64.ActiveCfg = Release|x64
		{BDBA9B88-28D5-4369-B6AF-ADA67D95AC98}.Release|x64.Build.0 = Release|x64
		{BDBA9B88-28D5-4369-B6AF-ADA67D95AC98}.Release|x86.ActiveCfg = Release|x86
		{BDBA9B88-28D5-4369-B6AF-ADA67D95AC98}.Release|x86.Build.0 = Release|x86
		{1BADAB3F-38B5-4ACF-ADDF-036918BFC51C}.Debug|Any CPU.ActiveCfg = Debug|Any CPU
		{1BADAB3F-38B5-4ACF-ADDF-036918BFC51C}.Debug|Any CPU.Build.0 = Debug|Any CPU
		{1BADAB3F-38B5-4ACF-ADDF-036918BFC51C}.Debug|x64.ActiveCfg = Debug|Any CPU
		{1BADAB3F-38B5-4ACF-ADDF-036918BFC51C}.Debug|x64.Build.0 = Debug|Any CPU
		{1BADAB3F-38B5-4ACF-ADDF-036918BFC51C}.Debug|x86.ActiveCfg = Debug|Any CPU
		{1BADAB3F-38B5-4ACF-ADDF-036918BFC51C}.Debug|x86.Build.0 = Debug|Any CPU
		{1BADAB3F-38B5-4ACF-ADDF-036918BFC51C}.Release|Any CPU.ActiveCfg = Release|Any CPU
		{1BADAB3F-38B5-4ACF-ADDF-036918BFC51C}.Release|Any CPU.Build.0 = Release|Any CPU
		{1BADAB3F-38B5-4ACF-ADDF-036918BFC51C}.Release|x64.ActiveCfg = Release|Any CPU
		{1BADAB3F-38B5-4ACF-ADDF-036918BFC51C}.Release|x64.Build.0 = Release|Any CPU
		{1BADAB3F-38B5-4ACF-ADDF-036918BFC51C}.Release|x86.ActiveCfg = Release|Any CPU
		{1BADAB3F-38B5-4ACF-ADDF-036918BFC51C}.Release|x86.Build.0 = Release|Any CPU
		{E14092D2-266A-4CC7-B1CE-2ADD0CB8E65B}.Debug|Any CPU.ActiveCfg = Debug|Any CPU
		{E14092D2-266A-4CC7-B1CE-2ADD0CB8E65B}.Debug|Any CPU.Build.0 = Debug|Any CPU
		{E14092D2-266A-4CC7-B1CE-2ADD0CB8E65B}.Debug|x64.ActiveCfg = Debug|x64
		{E14092D2-266A-4CC7-B1CE-2ADD0CB8E65B}.Debug|x64.Build.0 = Debug|x64
		{E14092D2-266A-4CC7-B1CE-2ADD0CB8E65B}.Debug|x86.ActiveCfg = Debug|x86
		{E14092D2-266A-4CC7-B1CE-2ADD0CB8E65B}.Debug|x86.Build.0 = Debug|x86
		{E14092D2-266A-4CC7-B1CE-2ADD0CB8E65B}.Release|Any CPU.ActiveCfg = Release|Any CPU
		{E14092D2-266A-4CC7-B1CE-2ADD0CB8E65B}.Release|Any CPU.Build.0 = Release|Any CPU
		{E14092D2-266A-4CC7-B1CE-2ADD0CB8E65B}.Release|x64.ActiveCfg = Release|x64
		{E14092D2-266A-4CC7-B1CE-2ADD0CB8E65B}.Release|x64.Build.0 = Release|x64
		{E14092D2-266A-4CC7-B1CE-2ADD0CB8E65B}.Release|x86.ActiveCfg = Release|x86
		{E14092D2-266A-4CC7-B1CE-2ADD0CB8E65B}.Release|x86.Build.0 = Release|x86
		{DC0D85B9-13D1-49BB-B462-AD66287D3181}.Debug|Any CPU.ActiveCfg = Debug|Any CPU
		{DC0D85B9-13D1-49BB-B462-AD66287D3181}.Debug|Any CPU.Build.0 = Debug|Any CPU
		{DC0D85B9-13D1-49BB-B462-AD66287D3181}.Debug|x64.ActiveCfg = Debug|Any CPU
		{DC0D85B9-13D1-49BB-B462-AD66287D3181}.Debug|x64.Build.0 = Debug|Any CPU
		{DC0D85B9-13D1-49BB-B462-AD66287D3181}.Debug|x86.ActiveCfg = Debug|Any CPU
		{DC0D85B9-13D1-49BB-B462-AD66287D3181}.Debug|x86.Build.0 = Debug|Any CPU
		{DC0D85B9-13D1-49BB-B462-AD66287D3181}.Release|Any CPU.ActiveCfg = Release|Any CPU
		{DC0D85B9-13D1-49BB-B462-AD66287D3181}.Release|Any CPU.Build.0 = Release|Any CPU
		{DC0D85B9-13D1-49BB-B462-AD66287D3181}.Release|x64.ActiveCfg = Release|Any CPU
		{DC0D85B9-13D1-49BB-B462-AD66287D3181}.Release|x64.Build.0 = Release|Any CPU
		{DC0D85B9-13D1-49BB-B462-AD66287D3181}.Release|x86.ActiveCfg = Release|Any CPU
		{DC0D85B9-13D1-49BB-B462-AD66287D3181}.Release|x86.Build.0 = Release|Any CPU
		{42B72A9A-C752-4D99-97D0-D341F1BD2A45}.Debug|Any CPU.ActiveCfg = Debug|Any CPU
		{42B72A9A-C752-4D99-97D0-D341F1BD2A45}.Debug|Any CPU.Build.0 = Debug|Any CPU
		{42B72A9A-C752-4D99-97D0-D341F1BD2A45}.Debug|x64.ActiveCfg = Debug|x64
		{42B72A9A-C752-4D99-97D0-D341F1BD2A45}.Debug|x64.Build.0 = Debug|x64
		{42B72A9A-C752-4D99-97D0-D341F1BD2A45}.Debug|x86.ActiveCfg = Debug|x86
		{42B72A9A-C752-4D99-97D0-D341F1BD2A45}.Debug|x86.Build.0 = Debug|x86
		{42B72A9A-C752-4D99-97D0-D341F1BD2A45}.Release|Any CPU.ActiveCfg = Release|Any CPU
		{42B72A9A-C752-4D99-97D0-D341F1BD2A45}.Release|Any CPU.Build.0 = Release|Any CPU
		{42B72A9A-C752-4D99-97D0-D341F1BD2A45}.Release|x64.ActiveCfg = Release|x64
		{42B72A9A-C752-4D99-97D0-D341F1BD2A45}.Release|x64.Build.0 = Release|x64
		{42B72A9A-C752-4D99-97D0-D341F1BD2A45}.Release|x86.ActiveCfg = Release|x86
		{42B72A9A-C752-4D99-97D0-D341F1BD2A45}.Release|x86.Build.0 = Release|x86
		{7CBF700C-6F9D-49B5-A905-E5C37302DA93}.Debug|Any CPU.ActiveCfg = Debug|Any CPU
		{7CBF700C-6F9D-49B5-A905-E5C37302DA93}.Debug|Any CPU.Build.0 = Debug|Any CPU
		{7CBF700C-6F9D-49B5-A905-E5C37302DA93}.Debug|x64.ActiveCfg = Debug|x64
		{7CBF700C-6F9D-49B5-A905-E5C37302DA93}.Debug|x64.Build.0 = Debug|x64
		{7CBF700C-6F9D-49B5-A905-E5C37302DA93}.Debug|x86.ActiveCfg = Debug|x86
		{7CBF700C-6F9D-49B5-A905-E5C37302DA93}.Debug|x86.Build.0 = Debug|x86
		{7CBF700C-6F9D-49B5-A905-E5C37302DA93}.Release|Any CPU.ActiveCfg = Release|Any CPU
		{7CBF700C-6F9D-49B5-A905-E5C37302DA93}.Release|Any CPU.Build.0 = Release|Any CPU
		{7CBF700C-6F9D-49B5-A905-E5C37302DA93}.Release|x64.ActiveCfg = Release|x64
		{7CBF700C-6F9D-49B5-A905-E5C37302DA93}.Release|x64.Build.0 = Release|x64
		{7CBF700C-6F9D-49B5-A905-E5C37302DA93}.Release|x86.ActiveCfg = Release|x86
		{7CBF700C-6F9D-49B5-A905-E5C37302DA93}.Release|x86.Build.0 = Release|x86
	EndGlobalSection
	GlobalSection(SolutionProperties) = preSolution
		HideSolutionNode = FALSE
	EndGlobalSection
EndGlobal
