<?xml version="1.0" encoding="utf-8"?>
<Project ToolsVersion="4.0" xmlns="http://schemas.microsoft.com/developer/msbuild/2003">
  <ItemGroup>
    <ClCompile Include="Sources\QueryInfo\QueryInfo.cpp" />
    <ClCompile Include="Sources\QueryInfo\QueryInfoFactory.cpp" />
    <ClCompile Include="Sources\QueryInfo\QueryInfoSettings.cpp" />
    <ClCompile Include="Sources\SevenZip\ArchiveList.cpp" />
    <ClCompile Include="Sources\SevenZip\SevenZipLibrary.cpp" />
    <ClCompile Include="Sources\SevenZip\Stream.cpp" />
    <ClCompile Include="Sources\Program.cpp" />
  </ItemGroup>
  <ItemGroup>
    <None Include="App.def" />
  </ItemGroup>
  <ItemGroup>
    <Image Include="App.ico" />
  </ItemGroup>
  <ItemGroup>
    <Filter Include="QueryInfo">
      <UniqueIdentifier>{0489f7cb-caee-4395-81e9-af1b84627546}</UniqueIdentifier>
    </Filter>
    <Filter Include="SevenZip">
      <UniqueIdentifier>{fbabee7a-ee11-46e5-acef-8b0a88cd7be5}</UniqueIdentifier>
    </Filter>
  </ItemGroup>
  <ItemGroup>
    <ClInclude Include="Sources\QueryInfo\QueryInfo.h" />
    <ClInclude Include="Sources\QueryInfo\QueryInfoFactory.h" />
    <ClInclude Include="Sources\QueryInfo\QueryInfoSettings.h" />
    <ClInclude Include="Sources\SevenZip\ArchiveList.h" />
    <ClInclude Include="Sources\SevenZip\Format.h" />
    <ClInclude Include="Sources\SevenZip\SevenZipInterface.h" />
    <ClInclude Include="Sources\SevenZip\SevenZipLibrary.h" />
    <ClInclude Include="Sources\SevenZip\Stream.h" />
    <ClInclude Include="Sources\Resources.h" />
  </ItemGroup>
</Project>