<?xml version="1.0" encoding="utf-8"?>
<Project ToolsVersion="4.0" xmlns="http://schemas.microsoft.com/developer/msbuild/2003">
  <ItemGroup>
    <ClCompile Include="Program.cpp" />
    <ClCompile Include="QueryInfo\QueryInfo.cpp">
      <Filter>QueryInfo</Filter>
    </ClCompile>
    <ClCompile Include="QueryInfo\QueryInfoFactory.cpp">
      <Filter>QueryInfo</Filter>
    </ClCompile>
    <ClCompile Include="QueryInfo\QueryInfoSettings.cpp">
      <Filter>QueryInfo</Filter>
    </ClCompile>
    <ClCompile Include="SevenZip\ArchiveList.cpp">
      <Filter>SevenZip</Filter>
    </ClCompile>
    <ClCompile Include="SevenZip\SevenZipLibrary.cpp">
      <Filter>SevenZip</Filter>
    </ClCompile>
    <ClCompile Include="SevenZip\Stream.cpp">
      <Filter>SevenZip</Filter>
    </ClCompile>
  </ItemGroup>
  <ItemGroup>
    <None Include="App.def" />
  </ItemGroup>
  <ItemGroup>
    <Image Include="App.ico" />
  </ItemGroup>
  <ItemGroup>
    <Filter Include="QueryInfo">
      <UniqueIdentifier>{0489f7cb-caee-4395-81e9-af1b84627546}</UniqueIdentifier>
    </Filter>
    <Filter Include="SevenZip">
      <UniqueIdentifier>{fbabee7a-ee11-46e5-acef-8b0a88cd7be5}</UniqueIdentifier>
    </Filter>
    <Filter Include="Com">
      <UniqueIdentifier>{b8dd178b-d1dd-433a-b22f-7dfd2034a546}</UniqueIdentifier>
    </Filter>
  </ItemGroup>
  <ItemGroup>
    <ClInclude Include="QueryInfo\QueryInfo.h">
      <Filter>QueryInfo</Filter>
    </ClInclude>
    <ClInclude Include="QueryInfo\QueryInfoFactory.h">
      <Filter>QueryInfo</Filter>
    </ClInclude>
    <ClInclude Include="QueryInfo\QueryInfoSettings.h">
      <Filter>QueryInfo</Filter>
    </ClInclude>
    <ClInclude Include="Resources.h" />
    <ClInclude Include="SevenZip\ArchiveList.h">
      <Filter>SevenZip</Filter>
    </ClInclude>
    <ClInclude Include="SevenZip\SevenZipLibrary.h">
      <Filter>SevenZip</Filter>
    </ClInclude>
    <ClInclude Include="Com\DynamicLinkLibrary.h">
      <Filter>Com</Filter>
    </ClInclude>
    <ClInclude Include="Com\PropVariant.h">
      <Filter>Com</Filter>
    </ClInclude>
    <ClInclude Include="Com\ComPtr.h">
      <Filter>Com</Filter>
    </ClInclude>
    <ClInclude Include="SevenZip\SevenZipInterface.h">
      <Filter>SevenZip</Filter>
    </ClInclude>
    <ClInclude Include="SevenZip\Format.h">
      <Filter>SevenZip</Filter>
    </ClInclude>
    <ClInclude Include="SevenZip\Stream.h">
      <Filter>SevenZip</Filter>
    </ClInclude>
  </ItemGroup>
</Project>