<?xml version="1.0" encoding="utf-8"?>
<Project ToolsVersion="4.0" xmlns="http://schemas.microsoft.com/developer/msbuild/2003">
  <ItemGroup>
    <ClCompile Include="Sources\Context\ContextMenu.cpp" />
    <ClCompile Include="Sources\Context\ContextMenuFactory.cpp" />
    <ClCompile Include="Sources\Context\ContextMenuIcon.cpp" />
    <ClCompile Include="Sources\Context\ContextMenuItem.cpp" />
    <ClCompile Include="Sources\Context\ContextPresetMenu.cpp" />
    <ClCompile Include="Sources\Context\ContextSettings.cpp" />
    <ClCompile Include="Sources\Program.cpp" />
  </ItemGroup>
  <ItemGroup>
    <ClInclude Include="Sources\Context\ContextMenu.h" />
    <ClInclude Include="Sources\Context\ContextMenuFactory.h" />
    <ClInclude Include="Sources\Context\ContextMenuIcon.h" />
    <ClInclude Include="Sources\Context\ContextMenuItem.h" />
    <ClInclude Include="Sources\Context\ContextPresetMenu.h" />
    <ClInclude Include="Sources\Context\ContextSettings.h" />
    <ClInclude Include="Sources\Resources.h" />
  </ItemGroup>
  <ItemGroup>
    <None Include="App.ico" />
    <None Include="App.def" />
  </ItemGroup>
  <ItemGroup>
    <Filter Include="Context">
      <UniqueIdentifier>{c84da1d8-a239-4e34-868c-03831b5cbb2c}</UniqueIdentifier>
    </Filter>
  </ItemGroup>
</Project>